
Microsoft Visual Studio Solution File, Format Version 12.00
# Visual Studio Version 17
VisualStudioVersion = 17.7.34202.233
MinimumVisualStudioVersion = 10.0.40219.1
Project("{9A19103F-16F7-4668-BE54-9A1E7A4F7556}") = "PayrollEntities", "PayrollEntities\PayrollEntities.csproj", "{076127ED-1BAC-40F4-8AC7-AACAE066DCF4}"
EndProject
Project("{9A19103F-16F7-4668-BE54-9A1E7A4F7556}") = "PayrollEntitiesTests", "PayrollEntitiesTests\PayrollEntitiesTests.csproj", "{A0C6474C-3B0C-45A9-A491-9042789185FF}"
EndProject
Project("{9A19103F-16F7-4668-BE54-9A1E7A4F7556}") = "PayrollInteractors", "PayrollInteractors\PayrollInteractors.csproj", "{7CE5F4C4-1249-4F31-B45E-21517F6A6475}"
EndProject
Project("{9A19103F-16F7-4668-BE54-9A1E7A4F7556}") = "PayrollPorts", "PayrollPorts\PayrollPorts.csproj", "{78C7A333-7039-41AB-974C-0A1252E36181}"
EndProject
Project("{FAE04EC0-301F-11D3-BF4B-00C04F79EFBC}") = "PayrollAdminAdapterGui", "PayrollAdminAdapterGui\PayrollAdminAdapterGui.csproj", "{D84FAFAE-7213-4BAA-8F7B-D4533EAC1807}"
EndProject
Project("{FAE04EC0-301F-11D3-BF4B-00C04F79EFBC}") = "PayrollMain", "PayrollMain\PayrollMain.csproj", "{5FB00523-B510-4983-883C-AE93A75080EA}"
EndProject
Global
	GlobalSection(SolutionConfigurationPlatforms) = preSolution
		Debug|Any CPU = Debug|Any CPU
		Release|Any CPU = Release|Any CPU
	EndGlobalSection
	GlobalSection(ProjectConfigurationPlatforms) = postSolution
		{076127ED-1BAC-40F4-8AC7-AACAE066DCF4}.Debug|Any CPU.ActiveCfg = Debug|Any CPU
		{076127ED-1BAC-40F4-8AC7-AACAE066DCF4}.Debug|Any CPU.Build.0 = Debug|Any CPU
		{076127ED-1BAC-40F4-8AC7-AACAE066DCF4}.Release|Any CPU.ActiveCfg = Release|Any CPU
		{076127ED-1BAC-40F4-8AC7-AACAE066DCF4}.Release|Any CPU.Build.0 = Release|Any CPU
		{A0C6474C-3B0C-45A9-A491-9042789185FF}.Debug|Any CPU.ActiveCfg = Debug|Any CPU
		{A0C6474C-3B0C-45A9-A491-9042789185FF}.Debug|Any CPU.Build.0 = Debug|Any CPU
		{A0C6474C-3B0C-45A9-A491-9042789185FF}.Release|Any CPU.ActiveCfg = Release|Any CPU
		{A0C6474C-3B0C-45A9-A491-9042789185FF}.Release|Any CPU.Build.0 = Release|Any CPU
		{7CE5F4C4-1249-4F31-B45E-21517F6A6475}.Debug|Any CPU.ActiveCfg = Debug|Any CPU
		{7CE5F4C4-1249-4F31-B45E-21517F6A6475}.Debug|Any CPU.Build.0 = Debug|Any CPU
		{7CE5F4C4-1249-4F31-B45E-21517F6A6475}.Release|Any CPU.ActiveCfg = Release|Any CPU
		{7CE5F4C4-1249-4F31-B45E-21517F6A6475}.Release|Any CPU.Build.0 = Release|Any CPU
		{78C7A333-7039-41AB-974C-0A1252E36181}.Debug|Any CPU.ActiveCfg = Debug|Any CPU
		{78C7A333-7039-41AB-974C-0A1252E36181}.Debug|Any CPU.Build.0 = Debug|Any CPU
		{78C7A333-7039-41AB-974C-0A1252E36181}.Release|Any CPU.ActiveCfg = Release|Any CPU
		{78C7A333-7039-41AB-974C-0A1252E36181}.Release|Any CPU.Build.0 = Release|Any CPU
		{D84FAFAE-7213-4BAA-8F7B-D4533EAC1807}.Debug|Any CPU.ActiveCfg = Debug|Any CPU
		{D84FAFAE-7213-4BAA-8F7B-D4533EAC1807}.Debug|Any CPU.Build.0 = Debug|Any CPU
		{D84FAFAE-7213-4BAA-8F7B-D4533EAC1807}.Release|Any CPU.ActiveCfg = Release|Any CPU
		{D84FAFAE-7213-4BAA-8F7B-D4533EAC1807}.Release|Any CPU.Build.0 = Release|Any CPU
		{5FB00523-B510-4983-883C-AE93A75080EA}.Debug|Any CPU.ActiveCfg = Debug|Any CPU
		{5FB00523-B510-4983-883C-AE93A75080EA}.Debug|Any CPU.Build.0 = Debug|Any CPU
		{5FB00523-B510-4983-883C-AE93A75080EA}.Release|Any CPU.ActiveCfg = Release|Any CPU
		{5FB00523-B510-4983-883C-AE93A75080EA}.Release|Any CPU.Build.0 = Release|Any CPU
	EndGlobalSection
	GlobalSection(SolutionProperties) = preSolution
		HideSolutionNode = FALSE
	EndGlobalSection
	GlobalSection(ExtensibilityGlobals) = postSolution
		SolutionGuid = {A2DBC1D6-2BF2-48CB-86BC-49CB965A96C9}
	EndGlobalSection
EndGlobal
