
Microsoft Visual Studio Solution File, Format Version 12.00
# Visual Studio Version 17
VisualStudioVersion = 17.7.34202.233
MinimumVisualStudioVersion = 10.0.40219.1
Project("{FAE04EC0-301F-11D3-BF4B-00C04F79EFBC}") = "PayrollEntities", "PayrollEntities\PayrollEntities.csproj", "{076127ED-1BAC-40F4-8AC7-AACAE066DCF4}"
EndProject
Global
	GlobalSection(SolutionConfigurationPlatforms) = preSolution
		Debug|Any CPU = Debug|Any CPU
		Release|Any CPU = Release|Any CPU
	EndGlobalSection
	GlobalSection(ProjectConfigurationPlatforms) = postSolution
		{076127ED-1BAC-40F4-8AC7-AACAE066DCF4}.Debug|Any CPU.ActiveCfg = Debug|Any CPU
		{076127ED-1BAC-40F4-8AC7-AACAE066DCF4}.Debug|Any CPU.Build.0 = Debug|Any CPU
		{076127ED-1BAC-40F4-8AC7-AACAE066DCF4}.Release|Any CPU.ActiveCfg = Release|Any CPU
		{076127ED-1BAC-40F4-8AC7-AACAE066DCF4}.Release|Any CPU.Build.0 = Release|Any CPU
	EndGlobalSection
	GlobalSection(SolutionProperties) = preSolution
		HideSolutionNode = FALSE
	EndGlobalSection
	GlobalSection(ExtensibilityGlobals) = postSolution
		SolutionGuid = {A2DBC1D6-2BF2-48CB-86BC-49CB965A96C9}
	EndGlobalSection
EndGlobal
